
Microsoft Visual Studio Solution File, Format Version 12.00
# Visual Studio Version 16
VisualStudioVersion = 16.0.31321.278
MinimumVisualStudioVersion = 10.0.40219.1
Project("{9A19103F-16F7-4668-BE54-9A1E7A4F7556}") = "Assignment1", "WebApplication1\Assignment1.csproj", "{D30F92C0-AD24-411D-BA4E-F0AC2990D638}"
EndProject
Global
	GlobalSection(SolutionConfigurationPlatforms) = preSolution
		Debug|Any CPU = Debug|Any CPU
		Release|Any CPU = Release|Any CPU
	EndGlobalSection
	GlobalSection(ProjectConfigurationPlatforms) = postSolution
		{D30F92C0-AD24-411D-BA4E-F0AC2990D638}.Debug|Any CPU.ActiveCfg = Debug|Any CPU
		{D30F92C0-AD24-411D-BA4E-F0AC2990D638}.Debug|Any CPU.Build.0 = Debug|Any CPU
		{D30F92C0-AD24-411D-BA4E-F0AC2990D638}.Release|Any CPU.ActiveCfg = Release|Any CPU
		{D30F92C0-AD24-411D-BA4E-F0AC2990D638}.Release|Any CPU.Build.0 = Release|Any CPU
	EndGlobalSection
	GlobalSection(SolutionProperties) = preSolution
		HideSolutionNode = FALSE
	EndGlobalSection
	GlobalSection(ExtensibilityGlobals) = postSolution
		SolutionGuid = {E6D23279-605C-4DC0-99EF-E8D44EDDFD9F}
	EndGlobalSection
EndGlobal
